
Microsoft Visual Studio Solution File, Format Version 12.00
# Visual Studio Version 17
VisualStudioVersion = 17.9.34723.18
MinimumVisualStudioVersion = 10.0.40219.1
Project("{2150E333-8FDC-42A3-9474-1A3956D46DE8}") = "Opdracht1", "Opdracht1", "{44D9A47A-FB11-49E3-B006-7D982B0273A2}"
EndProject
Project("{9A19103F-16F7-4668-BE54-9A1E7A4F7556}") = "RestfulApiExample.API", "Opdracht1\RestfulApiExample.API\RestfulApiExample.API.csproj", "{AE72CDA1-A077-4D84-9401-9CB95CB3CE29}"
EndProject
Global
	GlobalSection(SolutionConfigurationPlatforms) = preSolution
		Debug|Any CPU = Debug|Any CPU
		Release|Any CPU = Release|Any CPU
	EndGlobalSection
	GlobalSection(ProjectConfigurationPlatforms) = postSolution
		{AE72CDA1-A077-4D84-9401-9CB95CB3CE29}.Debug|Any CPU.ActiveCfg = Debug|Any CPU
		{AE72CDA1-A077-4D84-9401-9CB95CB3CE29}.Debug|Any CPU.Build.0 = Debug|Any CPU
		{AE72CDA1-A077-4D84-9401-9CB95CB3CE29}.Release|Any CPU.ActiveCfg = Release|Any CPU
		{AE72CDA1-A077-4D84-9401-9CB95CB3CE29}.Release|Any CPU.Build.0 = Release|Any CPU
	EndGlobalSection
	GlobalSection(SolutionProperties) = preSolution
		HideSolutionNode = FALSE
	EndGlobalSection
	GlobalSection(NestedProjects) = preSolution
		{AE72CDA1-A077-4D84-9401-9CB95CB3CE29} = {44D9A47A-FB11-49E3-B006-7D982B0273A2}
	EndGlobalSection
	GlobalSection(ExtensibilityGlobals) = postSolution
		SolutionGuid = {D9D57E60-7AC1-4D0F-9C7B-F49CFE00CDAC}
	EndGlobalSection
EndGlobal
